
Microsoft Visual Studio Solution File, Format Version 12.00
# Visual Studio Version 16
VisualStudioVersion = 16.0.30523.141
MinimumVisualStudioVersion = 10.0.40219.1
Project("{FAE04EC0-301F-11D3-BF4B-00C04F79EFBC}") = "UI.Relationships", "UI.Relationships\UI.Relationships.csproj", "{A73B2529-83DB-49A9-9C8B-B0D61261A2BF}"
EndProject
Global
	GlobalSection(SolutionConfigurationPlatforms) = preSolution
		Debug|Any CPU = Debug|Any CPU
		Release|Any CPU = Release|Any CPU
	EndGlobalSection
	GlobalSection(ProjectConfigurationPlatforms) = postSolution
		{A73B2529-83DB-49A9-9C8B-B0D61261A2BF}.Debug|Any CPU.ActiveCfg = Debug|Any CPU
		{A73B2529-83DB-49A9-9C8B-B0D61261A2BF}.Debug|Any CPU.Build.0 = Debug|Any CPU
		{A73B2529-83DB-49A9-9C8B-B0D61261A2BF}.Release|Any CPU.ActiveCfg = Release|Any CPU
		{A73B2529-83DB-49A9-9C8B-B0D61261A2BF}.Release|Any CPU.Build.0 = Release|Any CPU
	EndGlobalSection
	GlobalSection(SolutionProperties) = preSolution
		HideSolutionNode = FALSE
	EndGlobalSection
	GlobalSection(ExtensibilityGlobals) = postSolution
		SolutionGuid = {D1F56861-F078-4B5B-BBE1-225AFC4EDB43}
	EndGlobalSection
EndGlobal
