
Microsoft Visual Studio Solution File, Format Version 12.00
# Visual Studio Version 16
VisualStudioVersion = 16.0.29326.143
MinimumVisualStudioVersion = 10.0.40219.1
Project("{FAE04EC0-301F-11D3-BF4B-00C04F79EFBC}") = "UI.W", "UI.W\UI.W.csproj", "{911600C0-F269-4C05-ACE5-A99A1C773762}"
EndProject
Project("{FAE04EC0-301F-11D3-BF4B-00C04F79EFBC}") = "UI", "UI\UI.csproj", "{1C2F32BE-9EF1-4B0D-AC9B-F4B0DE63E278}"
EndProject
Global
	GlobalSection(SolutionConfigurationPlatforms) = preSolution
		Debug|Any CPU = Debug|Any CPU
		Release|Any CPU = Release|Any CPU
	EndGlobalSection
	GlobalSection(ProjectConfigurationPlatforms) = postSolution
		{911600C0-F269-4C05-ACE5-A99A1C773762}.Debug|Any CPU.ActiveCfg = Debug|Any CPU
		{911600C0-F269-4C05-ACE5-A99A1C773762}.Debug|Any CPU.Build.0 = Debug|Any CPU
		{911600C0-F269-4C05-ACE5-A99A1C773762}.Release|Any CPU.ActiveCfg = Release|Any CPU
		{911600C0-F269-4C05-ACE5-A99A1C773762}.Release|Any CPU.Build.0 = Release|Any CPU
		{1C2F32BE-9EF1-4B0D-AC9B-F4B0DE63E278}.Debug|Any CPU.ActiveCfg = Debug|Any CPU
		{1C2F32BE-9EF1-4B0D-AC9B-F4B0DE63E278}.Debug|Any CPU.Build.0 = Debug|Any CPU
		{1C2F32BE-9EF1-4B0D-AC9B-F4B0DE63E278}.Release|Any CPU.ActiveCfg = Release|Any CPU
		{1C2F32BE-9EF1-4B0D-AC9B-F4B0DE63E278}.Release|Any CPU.Build.0 = Release|Any CPU
	EndGlobalSection
	GlobalSection(SolutionProperties) = preSolution
		HideSolutionNode = FALSE
	EndGlobalSection
	GlobalSection(ExtensibilityGlobals) = postSolution
		SolutionGuid = {D6D393DF-FB07-4694-9981-B19EF7AAC90C}
	EndGlobalSection
EndGlobal
